<?xml version="1.0" encoding="utf-8"?>
<Project ToolsVersion="4.0" xmlns="http://schemas.microsoft.com/developer/msbuild/2003">
  <ItemGroup>
    <Filter Include="源文件">
      <UniqueIdentifier>{4FC737F1-C7A5-4376-A066-2A32D752A2FF}</UniqueIdentifier>
      <Extensions>cpp;c;cc;cxx;def;odl;idl;hpj;bat;asm;asmx</Extensions>
    </Filter>
    <Filter Include="头文件">
      <UniqueIdentifier>{93995380-89BD-4b04-88EB-625FBE52EBFB}</UniqueIdentifier>
      <Extensions>h;hh;hpp;hxx;hm;inl;inc;xsd</Extensions>
    </Filter>
    <Filter Include="资源文件">
      <UniqueIdentifier>{67DA6AB6-F800-4c08-8B7A-83BB121AAD01}</UniqueIdentifier>
      <Extensions>rc;ico;cur;bmp;dlg;rc2;rct;bin;rgs;gif;jpg;jpeg;jpe;resx;tiff;tif;png;wav;mfcribbon-ms</Extensions>
    </Filter>
    <Filter Include="头文件\创建型模式">
      <UniqueIdentifier>{0e81a75a-2529-45b5-8f0b-8b494e93dade}</UniqueIdentifier>
    </Filter>
    <Filter Include="头文件\创建型模式\Builder">
      <UniqueIdentifier>{a0c8a7c3-31a0-4c5a-8299-5af4232bd422}</UniqueIdentifier>
    </Filter>
    <Filter Include="头文件\创建型模式\Factory">
      <UniqueIdentifier>{382fd7b6-fed2-44a6-9148-c2dd0584ca79}</UniqueIdentifier>
    </Filter>
    <Filter Include="头文件\创建型模式\Prototype">
      <UniqueIdentifier>{45610d48-98c7-4e70-8a8a-026123ae35d1}</UniqueIdentifier>
    </Filter>
    <Filter Include="头文件\创建型模式\Singleton">
      <UniqueIdentifier>{c4a8f5aa-d23f-4151-8ca3-367e4f476a26}</UniqueIdentifier>
    </Filter>
    <Filter Include="头文件\结构型模式">
      <UniqueIdentifier>{c8272080-51d9-420e-8d25-55ed2db2cca3}</UniqueIdentifier>
    </Filter>
    <Filter Include="头文件\创建型模式\AbstractFactory">
      <UniqueIdentifier>{81c044f6-9edf-448e-8b2a-a6b38d7360d1}</UniqueIdentifier>
    </Filter>
    <Filter Include="头文件\结构型模式\Bridge">
      <UniqueIdentifier>{2c97f2ca-30c2-4507-82d1-8da4e26d6b8f}</UniqueIdentifier>
    </Filter>
    <Filter Include="头文件\结构型模式\Adaptor">
      <UniqueIdentifier>{ab66bc2d-4a9c-4edb-9f93-db44800ba424}</UniqueIdentifier>
    </Filter>
    <Filter Include="头文件\结构型模式\Decorator">
      <UniqueIdentifier>{c8a74ab1-0e54-4bdc-aab6-1acf9508d5ee}</UniqueIdentifier>
    </Filter>
    <Filter Include="头文件\结构型模式\Composite">
      <UniqueIdentifier>{74447a9c-98d3-425b-9618-5d70be262b38}</UniqueIdentifier>
    </Filter>
    <Filter Include="头文件\结构型模式\Flyweight">
      <UniqueIdentifier>{053f97b2-65e7-4311-8b73-f882fa00ea58}</UniqueIdentifier>
    </Filter>
    <Filter Include="头文件\结构型模式\Facade">
      <UniqueIdentifier>{3db0bff2-9d27-4b01-81fe-94d315de6e3a}</UniqueIdentifier>
    </Filter>
    <Filter Include="头文件\结构型模式\Proxy">
      <UniqueIdentifier>{c454e41f-b8c7-45bd-82e4-d1053b844083}</UniqueIdentifier>
    </Filter>
  </ItemGroup>
  <ItemGroup>
    <Text Include="ReadMe.txt" />
  </ItemGroup>
  <ItemGroup>
    <ClInclude Include="stdafx.h">
      <Filter>头文件</Filter>
    </ClInclude>
    <ClInclude Include="targetver.h">
      <Filter>头文件</Filter>
    </ClInclude>
    <ClInclude Include="Factory1.h">
      <Filter>头文件\创建型模式\Factory</Filter>
    </ClInclude>
    <ClInclude Include="Factory2.h">
      <Filter>头文件\创建型模式\Factory</Filter>
    </ClInclude>
    <ClInclude Include="Singleton.h">
      <Filter>头文件\创建型模式\Singleton</Filter>
    </ClInclude>
    <ClInclude Include="Builder.h">
      <Filter>头文件\创建型模式\Builder</Filter>
    </ClInclude>
    <ClInclude Include="Prototype.h">
      <Filter>头文件\创建型模式\Prototype</Filter>
    </ClInclude>
    <ClInclude Include="AbstractFactory.h">
      <Filter>头文件\创建型模式\AbstractFactory</Filter>
    </ClInclude>
    <ClInclude Include="Bridge.h">
      <Filter>头文件\结构型模式\Bridge</Filter>
    </ClInclude>
    <ClInclude Include="Adaptor.h">
      <Filter>头文件\结构型模式\Adaptor</Filter>
    </ClInclude>
    <ClInclude Include="Decorator.h">
      <Filter>头文件\结构型模式\Decorator</Filter>
    </ClInclude>
    <ClInclude Include="Composite.h">
      <Filter>头文件\结构型模式\Composite</Filter>
    </ClInclude>
    <ClInclude Include="Flyweight.h">
      <Filter>头文件\结构型模式\Flyweight</Filter>
    </ClInclude>
    <ClInclude Include="Facade.h">
      <Filter>头文件\结构型模式\Facade</Filter>
    </ClInclude>
    <ClInclude Include="Proxy.h">
      <Filter>头文件\结构型模式\Proxy</Filter>
    </ClInclude>
  </ItemGroup>
  <ItemGroup>
    <ClCompile Include="stdafx.cpp">
      <Filter>源文件</Filter>
    </ClCompile>
    <ClCompile Include="DesignModel.cpp">
      <Filter>源文件</Filter>
    </ClCompile>
  </ItemGroup>
</Project>