<?xml version="1.0" encoding="utf-8"?>
<Project ToolsVersion="4.0" xmlns="http://schemas.microsoft.com/developer/msbuild/2003">
  <ItemGroup>
    <Filter Include="源文件">
      <UniqueIdentifier>{4FC737F1-C7A5-4376-A066-2A32D752A2FF}</UniqueIdentifier>
      <Extensions>cpp;c;cc;cxx;def;odl;idl;hpj;bat;asm;asmx</Extensions>
    </Filter>
    <Filter Include="头文件">
      <UniqueIdentifier>{93995380-89BD-4b04-88EB-625FBE52EBFB}</UniqueIdentifier>
      <Extensions>h;hh;hpp;hxx;hm;inl;inc;xsd</Extensions>
    </Filter>
    <Filter Include="资源文件">
      <UniqueIdentifier>{67DA6AB6-F800-4c08-8B7A-83BB121AAD01}</UniqueIdentifier>
      <Extensions>rc;ico;cur;bmp;dlg;rc2;rct;bin;rgs;gif;jpg;jpeg;jpe;resx;tiff;tif;png;wav;mfcribbon-ms</Extensions>
    </Filter>
    <Filter Include="头文件\创建型模式">
      <UniqueIdentifier>{0e81a75a-2529-45b5-8f0b-8b494e93dade}</UniqueIdentifier>
    </Filter>
    <Filter Include="头文件\创建型模式\Builder">
      <UniqueIdentifier>{a0c8a7c3-31a0-4c5a-8299-5af4232bd422}</UniqueIdentifier>
    </Filter>
    <Filter Include="头文件\创建型模式\Factory">
      <UniqueIdentifier>{382fd7b6-fed2-44a6-9148-c2dd0584ca79}</UniqueIdentifier>
    </Filter>
    <Filter Include="头文件\创建型模式\Prototype">
      <UniqueIdentifier>{45610d48-98c7-4e70-8a8a-026123ae35d1}</UniqueIdentifier>
    </Filter>
    <Filter Include="头文件\创建型模式\Singleton">
      <UniqueIdentifier>{c4a8f5aa-d23f-4151-8ca3-367e4f476a26}</UniqueIdentifier>
    </Filter>
    <Filter Include="头文件\结构型模式">
      <UniqueIdentifier>{c8272080-51d9-420e-8d25-55ed2db2cca3}</UniqueIdentifier>
    </Filter>
    <Filter Include="头文件\创建型模式\AbstractFactory">
      <UniqueIdentifier>{81c044f6-9edf-448e-8b2a-a6b38d7360d1}</UniqueIdentifier>
    </Filter>
    <Filter Include="头文件\结构型模式\Bridge">
      <UniqueIdentifier>{2c97f2ca-30c2-4507-82d1-8da4e26d6b8f}</UniqueIdentifier>
    </Filter>
    <Filter Include="头文件\结构型模式\Adaptor">
      <UniqueIdentifier>{ab66bc2d-4a9c-4edb-9f93-db44800ba424}</UniqueIdentifier>
    </Filter>
    <Filter Include="头文件\结构型模式\Decorator">
      <UniqueIdentifier>{c8a74ab1-0e54-4bdc-aab6-1acf9508d5ee}</UniqueIdentifier>
    </Filter>
    <Filter Include="头文件\结构型模式\Composite">
      <UniqueIdentifier>{74447a9c-98d3-425b-9618-5d70be262b38}</UniqueIdentifier>
    </Filter>
    <Filter Include="头文件\结构型模式\Flyweight">
      <UniqueIdentifier>{053f97b2-65e7-4311-8b73-f882fa00ea58}</UniqueIdentifier>
    </Filter>
    <Filter Include="头文件\结构型模式\Facade">
      <UniqueIdentifier>{3db0bff2-9d27-4b01-81fe-94d315de6e3a}</UniqueIdentifier>
    </Filter>
    <Filter Include="头文件\结构型模式\Proxy">
      <UniqueIdentifier>{c454e41f-b8c7-45bd-82e4-d1053b844083}</UniqueIdentifier>
    </Filter>
    <Filter Include="头文件\行为模式">
      <UniqueIdentifier>{24f19a5a-8798-4db3-ad06-bba391d05910}</UniqueIdentifier>
    </Filter>
    <Filter Include="头文件\行为模式\Template">
      <UniqueIdentifier>{9aab7214-662e-4e42-aa2f-6f5cabf6728d}</UniqueIdentifier>
    </Filter>
    <Filter Include="头文件\行为模式\Strategy">
      <UniqueIdentifier>{c94e903f-a2fd-4e27-9d57-6a4dc79de7be}</UniqueIdentifier>
    </Filter>
    <Filter Include="头文件\行为模式\State">
      <UniqueIdentifier>{16947a54-a3e6-4741-9f67-1dbcf2adeeb6}</UniqueIdentifier>
    </Filter>
    <Filter Include="头文件\行为模式\observer">
      <UniqueIdentifier>{72da93c2-c0be-42fe-89a6-a0f0e598b1df}</UniqueIdentifier>
    </Filter>
    <Filter Include="头文件\行为模式\Memento">
      <UniqueIdentifier>{b96aa7c2-a6d4-414a-a599-ae09d9d60e52}</UniqueIdentifier>
    </Filter>
    <Filter Include="头文件\行为模式\Mediator">
      <UniqueIdentifier>{84308725-0600-4ff7-8ca4-873e274b8dd7}</UniqueIdentifier>
    </Filter>
    <Filter Include="头文件\行为模式\Command">
      <UniqueIdentifier>{4a51b32f-7c56-491c-85b4-5f8eda53d771}</UniqueIdentifier>
    </Filter>
    <Filter Include="头文件\行为模式\Visitor">
      <UniqueIdentifier>{82e14f89-3cf1-4f7b-8ebe-fd4f84590bbf}</UniqueIdentifier>
    </Filter>
    <Filter Include="头文件\行为模式\Chain of Responsibility">
      <UniqueIdentifier>{90acefd9-c1cf-47e5-85c9-8cae92957061}</UniqueIdentifier>
    </Filter>
  </ItemGroup>
  <ItemGroup>
    <Text Include="ReadMe.txt" />
  </ItemGroup>
  <ItemGroup>
    <ClInclude Include="stdafx.h">
      <Filter>头文件</Filter>
    </ClInclude>
    <ClInclude Include="targetver.h">
      <Filter>头文件</Filter>
    </ClInclude>
    <ClInclude Include="Factory1.h">
      <Filter>头文件\创建型模式\Factory</Filter>
    </ClInclude>
    <ClInclude Include="Factory2.h">
      <Filter>头文件\创建型模式\Factory</Filter>
    </ClInclude>
    <ClInclude Include="Singleton.h">
      <Filter>头文件\创建型模式\Singleton</Filter>
    </ClInclude>
    <ClInclude Include="Builder.h">
      <Filter>头文件\创建型模式\Builder</Filter>
    </ClInclude>
    <ClInclude Include="Prototype.h">
      <Filter>头文件\创建型模式\Prototype</Filter>
    </ClInclude>
    <ClInclude Include="AbstractFactory.h">
      <Filter>头文件\创建型模式\AbstractFactory</Filter>
    </ClInclude>
    <ClInclude Include="Bridge.h">
      <Filter>头文件\结构型模式\Bridge</Filter>
    </ClInclude>
    <ClInclude Include="Adaptor.h">
      <Filter>头文件\结构型模式\Adaptor</Filter>
    </ClInclude>
    <ClInclude Include="Decorator.h">
      <Filter>头文件\结构型模式\Decorator</Filter>
    </ClInclude>
    <ClInclude Include="Composite.h">
      <Filter>头文件\结构型模式\Composite</Filter>
    </ClInclude>
    <ClInclude Include="Flyweight.h">
      <Filter>头文件\结构型模式\Flyweight</Filter>
    </ClInclude>
    <ClInclude Include="Facade.h">
      <Filter>头文件\结构型模式\Facade</Filter>
    </ClInclude>
    <ClInclude Include="Proxy.h">
      <Filter>头文件\结构型模式\Proxy</Filter>
    </ClInclude>
    <ClInclude Include="Template.h">
      <Filter>头文件\行为模式\Template</Filter>
    </ClInclude>
    <ClInclude Include="Strategy.h">
      <Filter>头文件\行为模式\Strategy</Filter>
    </ClInclude>
    <ClInclude Include="State.h">
      <Filter>头文件\行为模式\State</Filter>
    </ClInclude>
    <ClInclude Include="Observer.h">
      <Filter>头文件\行为模式\observer</Filter>
    </ClInclude>
    <ClInclude Include="ObserverSub.h">
      <Filter>头文件\行为模式\observer</Filter>
    </ClInclude>
    <ClInclude Include="Memento.h">
      <Filter>头文件\行为模式\Memento</Filter>
    </ClInclude>
    <ClInclude Include="Mediator.h">
      <Filter>头文件\行为模式\Mediator</Filter>
    </ClInclude>
    <ClInclude Include="Colleage.h">
      <Filter>头文件\行为模式\Mediator</Filter>
    </ClInclude>
    <ClInclude Include="Command.h">
      <Filter>头文件\行为模式\Command</Filter>
    </ClInclude>
    <ClInclude Include="Visitor.h">
      <Filter>头文件\行为模式\Visitor</Filter>
    </ClInclude>
    <ClInclude Include="ChainofResponsibility.h">
      <Filter>头文件\行为模式\Chain of Responsibility</Filter>
    </ClInclude>
  </ItemGroup>
  <ItemGroup>
    <ClCompile Include="stdafx.cpp">
      <Filter>源文件</Filter>
    </ClCompile>
    <ClCompile Include="DesignModel.cpp">
      <Filter>源文件</Filter>
    </ClCompile>
    <ClCompile Include="Observer.cpp">
      <Filter>头文件\行为模式\observer</Filter>
    </ClCompile>
    <ClCompile Include="ObserverSub.cpp">
      <Filter>头文件\行为模式\observer</Filter>
    </ClCompile>
    <ClCompile Include="Mediator.cpp">
      <Filter>头文件\行为模式\Mediator</Filter>
    </ClCompile>
    <ClCompile Include="Colleage.cpp">
      <Filter>头文件\行为模式\Mediator</Filter>
    </ClCompile>
  </ItemGroup>
</Project>